// !$*UTF8*$!
{
	archiveVersion = 1;
	classes = {
	};
	objectVersion = 46;
	objects = {

/* Begin PBXBuildFile section */
		CEB80F0F187568C50065B318 /* Foundation.framework in Frameworks */ = {isa = PBXBuildFile; fileRef = CEB80F0E187568C50065B318 /* Foundation.framework */; };
		CEB80F11187568C50065B318 /* CoreGraphics.framework in Frameworks */ = {isa = PBXBuildFile; fileRef = CEB80F10187568C50065B318 /* CoreGraphics.framework */; };
		CEB80F13187568C50065B318 /* UIKit.framework in Frameworks */ = {isa = PBXBuildFile; fileRef = CEB80F12187568C50065B318 /* UIKit.framework */; };
		CEB80F19187568C50065B318 /* InfoPlist.strings in Resources */ = {isa = PBXBuildFile; fileRef = CEB80F17187568C50065B318 /* InfoPlist.strings */; };
		CEB80F1B187568C50065B318 /* main.m in Sources */ = {isa = PBXBuildFile; fileRef = CEB80F1A187568C50065B318 /* main.m */; };
		CEB80F1F187568C50065B318 /* AppDelegate.m in Sources */ = {isa = PBXBuildFile; fileRef = CEB80F1E187568C50065B318 /* AppDelegate.m */; };
		CEB80F22187568C50065B318 /* Main.storyboard in Resources */ = {isa = PBXBuildFile; fileRef = CEB80F20187568C50065B318 /* Main.storyboard */; };
		CEB80F25187568C50065B318 /* ViewController.m in Sources */ = {isa = PBXBuildFile; fileRef = CEB80F24187568C50065B318 /* ViewController.m */; };
		CEB80F27187568C50065B318 /* Images.xcassets in Resources */ = {isa = PBXBuildFile; fileRef = CEB80F26187568C50065B318 /* Images.xcassets */; };
		CEB80F2F187568C50065B318 /* Foundation.framework in Frameworks */ = {isa = PBXBuildFile; fileRef = CEB80F0E187568C50065B318 /* Foundation.framework */; };
		CEB80F30187568C50065B318 /* UIKit.framework in Frameworks */ = {isa = PBXBuildFile; fileRef = CEB80F12187568C50065B318 /* UIKit.framework */; };
		CEB80F601876938A0065B318 /* NSIndexPath+PSTCollectionViewAdditions.m in Sources */ = {isa = PBXBuildFile; fileRef = CEB80F451876938A0065B318 /* NSIndexPath+PSTCollectionViewAdditions.m */; };
		CEB80F611876938A0065B318 /* PSTCollectionView.m in Sources */ = {isa = PBXBuildFile; fileRef = CEB80F471876938A0065B318 /* PSTCollectionView.m */; };
		CEB80F621876938A0065B318 /* PSTCollectionViewCell.m in Sources */ = {isa = PBXBuildFile; fileRef = CEB80F491876938A0065B318 /* PSTCollectionViewCell.m */; };
		CEB80F631876938A0065B318 /* PSTCollectionViewController.m in Sources */ = {isa = PBXBuildFile; fileRef = CEB80F4C1876938A0065B318 /* PSTCollectionViewController.m */; };
		CEB80F641876938A0065B318 /* PSTCollectionViewData.m in Sources */ = {isa = PBXBuildFile; fileRef = CEB80F4E1876938A0065B318 /* PSTCollectionViewData.m */; };
		CEB80F651876938A0065B318 /* PSTCollectionViewFlowLayout.m in Sources */ = {isa = PBXBuildFile; fileRef = CEB80F501876938A0065B318 /* PSTCollectionViewFlowLayout.m */; };
		CEB80F661876938A0065B318 /* PSTCollectionViewItemKey.m in Sources */ = {isa = PBXBuildFile; fileRef = CEB80F521876938A0065B318 /* PSTCollectionViewItemKey.m */; };
		CEB80F671876938A0065B318 /* PSTCollectionViewLayout.m in Sources */ = {isa = PBXBuildFile; fileRef = CEB80F551876938A0065B318 /* PSTCollectionViewLayout.m */; };
		CEB80F681876938A0065B318 /* PSTCollectionViewUpdateItem.m in Sources */ = {isa = PBXBuildFile; fileRef = CEB80F571876938A0065B318 /* PSTCollectionViewUpdateItem.m */; };
		CEB80F691876938A0065B318 /* PSTGridLayoutInfo.m in Sources */ = {isa = PBXBuildFile; fileRef = CEB80F591876938A0065B318 /* PSTGridLayoutInfo.m */; };
		CEB80F6A1876938A0065B318 /* PSTGridLayoutItem.m in Sources */ = {isa = PBXBuildFile; fileRef = CEB80F5B1876938A0065B318 /* PSTGridLayoutItem.m */; };
		CEB80F6B1876938A0065B318 /* PSTGridLayoutRow.m in Sources */ = {isa = PBXBuildFile; fileRef = CEB80F5D1876938A0065B318 /* PSTGridLayoutRow.m */; };
		CEB80F6C1876938A0065B318 /* PSTGridLayoutSection.m in Sources */ = {isa = PBXBuildFile; fileRef = CEB80F5F1876938A0065B318 /* PSTGridLayoutSection.m */; };
		CEB80F71187693A80065B318 /* LineLayout.m in Sources */ = {isa = PBXBuildFile; fileRef = CEB80F6E187693A80065B318 /* LineLayout.m */; };
		CEB80F72187693A80065B318 /* Cell.m in Sources */ = {isa = PBXBuildFile; fileRef = CEB80F70187693A80065B318 /* Cell.m */; };
		CEB80F7518769F920065B318 /* LineViewController.m in Sources */ = {isa = PBXBuildFile; fileRef = CEB80F7418769F920065B318 /* LineViewController.m */; };
/* End PBXBuildFile section */

/* Begin PBXContainerItemProxy section */
		CEB80F31187568C50065B318 /* PBXContainerItemProxy */ = {
			isa = PBXContainerItemProxy;
			containerPortal = CEB80F03187568C50065B318 /* Project object */;
			proxyType = 1;
			remoteGlobalIDString = CEB80F0A187568C50065B318;
			remoteInfo = DragDropQueueDemo;
		};
/* End PBXContainerItemProxy section */

/* Begin PBXFileReference section */
		CEB80F0B187568C50065B318 /* DragDropQueueDemo.app */ = {isa = PBXFileReference; explicitFileType = wrapper.application; includeInIndex = 0; path = DragDropQueueDemo.app; sourceTree = BUILT_PRODUCTS_DIR; };
		CEB80F0E187568C50065B318 /* Foundation.framework */ = {isa = PBXFileReference; lastKnownFileType = wrapper.framework; name = Foundation.framework; path = System/Library/Frameworks/Foundation.framework; sourceTree = SDKROOT; };
		CEB80F10187568C50065B318 /* CoreGraphics.framework */ = {isa = PBXFileReference; lastKnownFileType = wrapper.framework; name = CoreGraphics.framework; path = System/Library/Frameworks/CoreGraphics.framework; sourceTree = SDKROOT; };
		CEB80F12187568C50065B318 /* UIKit.framework */ = {isa = PBXFileReference; lastKnownFileType = wrapper.framework; name = UIKit.framework; path = System/Library/Frameworks/UIKit.framework; sourceTree = SDKROOT; };
		CEB80F16187568C50065B318 /* DragDropQueueDemo-Info.plist */ = {isa = PBXFileReference; lastKnownFileType = text.plist.xml; path = "DragDropQueueDemo-Info.plist"; sourceTree = "<group>"; };
		CEB80F18187568C50065B318 /* en */ = {isa = PBXFileReference; lastKnownFileType = text.plist.strings; name = en; path = en.lproj/InfoPlist.strings; sourceTree = "<group>"; };
		CEB80F1A187568C50065B318 /* main.m */ = {isa = PBXFileReference; lastKnownFileType = sourcecode.c.objc; path = main.m; sourceTree = "<group>"; };
		CEB80F1C187568C50065B318 /* DragDropQueueDemo-Prefix.pch */ = {isa = PBXFileReference; lastKnownFileType = sourcecode.c.h; path = "DragDropQueueDemo-Prefix.pch"; sourceTree = "<group>"; };
		CEB80F1D187568C50065B318 /* AppDelegate.h */ = {isa = PBXFileReference; lastKnownFileType = sourcecode.c.h; path = AppDelegate.h; sourceTree = "<group>"; };
		CEB80F1E187568C50065B318 /* AppDelegate.m */ = {isa = PBXFileReference; lastKnownFileType = sourcecode.c.objc; path = AppDelegate.m; sourceTree = "<group>"; };
		CEB80F21187568C50065B318 /* Base */ = {isa = PBXFileReference; lastKnownFileType = file.storyboard; name = Base; path = Base.lproj/Main.storyboard; sourceTree = "<group>"; };
		CEB80F23187568C50065B318 /* ViewController.h */ = {isa = PBXFileReference; lastKnownFileType = sourcecode.c.h; path = ViewController.h; sourceTree = "<group>"; };
		CEB80F24187568C50065B318 /* ViewController.m */ = {isa = PBXFileReference; lastKnownFileType = sourcecode.c.objc; path = ViewController.m; sourceTree = "<group>"; };
		CEB80F26187568C50065B318 /* Images.xcassets */ = {isa = PBXFileReference; lastKnownFileType = folder.assetcatalog; path = Images.xcassets; sourceTree = "<group>"; };
		CEB80F2C187568C50065B318 /* DragDropQueueDemoTests.xctest */ = {isa = PBXFileReference; explicitFileType = wrapper.cfbundle; includeInIndex = 0; path = DragDropQueueDemoTests.xctest; sourceTree = BUILT_PRODUCTS_DIR; };
		CEB80F441876938A0065B318 /* NSIndexPath+PSTCollectionViewAdditions.h */ = {isa = PBXFileReference; fileEncoding = 4; lastKnownFileType = sourcecode.c.h; path = "NSIndexPath+PSTCollectionViewAdditions.h"; sourceTree = "<group>"; };
		CEB80F451876938A0065B318 /* NSIndexPath+PSTCollectionViewAdditions.m */ = {isa = PBXFileReference; fileEncoding = 4; lastKnownFileType = sourcecode.c.objc; path = "NSIndexPath+PSTCollectionViewAdditions.m"; sourceTree = "<group>"; };
		CEB80F461876938A0065B318 /* PSTCollectionView.h */ = {isa = PBXFileReference; fileEncoding = 4; lastKnownFileType = sourcecode.c.h; path = PSTCollectionView.h; sourceTree = "<group>"; };
		CEB80F471876938A0065B318 /* PSTCollectionView.m */ = {isa = PBXFileReference; fileEncoding = 4; lastKnownFileType = sourcecode.c.objc; path = PSTCollectionView.m; sourceTree = "<group>"; };
		CEB80F481876938A0065B318 /* PSTCollectionViewCell.h */ = {isa = PBXFileReference; fileEncoding = 4; lastKnownFileType = sourcecode.c.h; path = PSTCollectionViewCell.h; sourceTree = "<group>"; };
		CEB80F491876938A0065B318 /* PSTCollectionViewCell.m */ = {isa = PBXFileReference; fileEncoding = 4; lastKnownFileType = sourcecode.c.objc; path = PSTCollectionViewCell.m; sourceTree = "<group>"; };
		CEB80F4A1876938A0065B318 /* PSTCollectionViewCommon.h */ = {isa = PBXFileReference; fileEncoding = 4; lastKnownFileType = sourcecode.c.h; path = PSTCollectionViewCommon.h; sourceTree = "<group>"; };
		CEB80F4B1876938A0065B318 /* PSTCollectionViewController.h */ = {isa = PBXFileReference; fileEncoding = 4; lastKnownFileType = sourcecode.c.h; path = PSTCollectionViewController.h; sourceTree = "<group>"; };
		CEB80F4C1876938A0065B318 /* PSTCollectionViewController.m */ = {isa = PBXFileReference; fileEncoding = 4; lastKnownFileType = sourcecode.c.objc; path = PSTCollectionViewController.m; sourceTree = "<group>"; };
		CEB80F4D1876938A0065B318 /* PSTCollectionViewData.h */ = {isa = PBXFileReference; fileEncoding = 4; lastKnownFileType = sourcecode.c.h; path = PSTCollectionViewData.h; sourceTree = "<group>"; };
		CEB80F4E1876938A0065B318 /* PSTCollectionViewData.m */ = {isa = PBXFileReference; fileEncoding = 4; lastKnownFileType = sourcecode.c.objc; path = PSTCollectionViewData.m; sourceTree = "<group>"; };
		CEB80F4F1876938A0065B318 /* PSTCollectionViewFlowLayout.h */ = {isa = PBXFileReference; fileEncoding = 4; lastKnownFileType = sourcecode.c.h; path = PSTCollectionViewFlowLayout.h; sourceTree = "<group>"; };
		CEB80F501876938A0065B318 /* PSTCollectionViewFlowLayout.m */ = {isa = PBXFileReference; fileEncoding = 4; lastKnownFileType = sourcecode.c.objc; path = PSTCollectionViewFlowLayout.m; sourceTree = "<group>"; };
		CEB80F511876938A0065B318 /* PSTCollectionViewItemKey.h */ = {isa = PBXFileReference; fileEncoding = 4; lastKnownFileType = sourcecode.c.h; path = PSTCollectionViewItemKey.h; sourceTree = "<group>"; };
		CEB80F521876938A0065B318 /* PSTCollectionViewItemKey.m */ = {isa = PBXFileReference; fileEncoding = 4; lastKnownFileType = sourcecode.c.objc; path = PSTCollectionViewItemKey.m; sourceTree = "<group>"; };
		CEB80F531876938A0065B318 /* PSTCollectionViewLayout+Internals.h */ = {isa = PBXFileReference; fileEncoding = 4; lastKnownFileType = sourcecode.c.h; path = "PSTCollectionViewLayout+Internals.h"; sourceTree = "<group>"; };
		CEB80F541876938A0065B318 /* PSTCollectionViewLayout.h */ = {isa = PBXFileReference; fileEncoding = 4; lastKnownFileType = sourcecode.c.h; path = PSTCollectionViewLayout.h; sourceTree = "<group>"; };
		CEB80F551876938A0065B318 /* PSTCollectionViewLayout.m */ = {isa = PBXFileReference; fileEncoding = 4; lastKnownFileType = sourcecode.c.objc; path = PSTCollectionViewLayout.m; sourceTree = "<group>"; };
		CEB80F561876938A0065B318 /* PSTCollectionViewUpdateItem.h */ = {isa = PBXFileReference; fileEncoding = 4; lastKnownFileType = sourcecode.c.h; path = PSTCollectionViewUpdateItem.h; sourceTree = "<group>"; };
		CEB80F571876938A0065B318 /* PSTCollectionViewUpdateItem.m */ = {isa = PBXFileReference; fileEncoding = 4; lastKnownFileType = sourcecode.c.objc; path = PSTCollectionViewUpdateItem.m; sourceTree = "<group>"; };
		CEB80F581876938A0065B318 /* PSTGridLayoutInfo.h */ = {isa = PBXFileReference; fileEncoding = 4; lastKnownFileType = sourcecode.c.h; path = PSTGridLayoutInfo.h; sourceTree = "<group>"; };
		CEB80F591876938A0065B318 /* PSTGridLayoutInfo.m */ = {isa = PBXFileReference; fileEncoding = 4; lastKnownFileType = sourcecode.c.objc; path = PSTGridLayoutInfo.m; sourceTree = "<group>"; };
		CEB80F5A1876938A0065B318 /* PSTGridLayoutItem.h */ = {isa = PBXFileReference; fileEncoding = 4; lastKnownFileType = sourcecode.c.h; path = PSTGridLayoutItem.h; sourceTree = "<group>"; };
		CEB80F5B1876938A0065B318 /* PSTGridLayoutItem.m */ = {isa = PBXFileReference; fileEncoding = 4; lastKnownFileType = sourcecode.c.objc; path = PSTGridLayoutItem.m; sourceTree = "<group>"; };
		CEB80F5C1876938A0065B318 /* PSTGridLayoutRow.h */ = {isa = PBXFileReference; fileEncoding = 4; lastKnownFileType = sourcecode.c.h; path = PSTGridLayoutRow.h; sourceTree = "<group>"; };
		CEB80F5D1876938A0065B318 /* PSTGridLayoutRow.m */ = {isa = PBXFileReference; fileEncoding = 4; lastKnownFileType = sourcecode.c.objc; path = PSTGridLayoutRow.m; sourceTree = "<group>"; };
		CEB80F5E1876938A0065B318 /* PSTGridLayoutSection.h */ = {isa = PBXFileReference; fileEncoding = 4; lastKnownFileType = sourcecode.c.h; path = PSTGridLayoutSection.h; sourceTree = "<group>"; };
		CEB80F5F1876938A0065B318 /* PSTGridLayoutSection.m */ = {isa = PBXFileReference; fileEncoding = 4; lastKnownFileType = sourcecode.c.objc; path = PSTGridLayoutSection.m; sourceTree = "<group>"; };
		CEB80F6D187693A80065B318 /* LineLayout.h */ = {isa = PBXFileReference; fileEncoding = 4; lastKnownFileType = sourcecode.c.h; name = LineLayout.h; path = ../LineLayout.h; sourceTree = "<group>"; };
		CEB80F6E187693A80065B318 /* LineLayout.m */ = {isa = PBXFileReference; fileEncoding = 4; lastKnownFileType = sourcecode.c.objc; name = LineLayout.m; path = ../LineLayout.m; sourceTree = "<group>"; };
		CEB80F6F187693A80065B318 /* Cell.h */ = {isa = PBXFileReference; fileEncoding = 4; lastKnownFileType = sourcecode.c.h; name = Cell.h; path = ../Cell.h; sourceTree = "<group>"; };
		CEB80F70187693A80065B318 /* Cell.m */ = {isa = PBXFileReference; fileEncoding = 4; lastKnownFileType = sourcecode.c.objc; name = Cell.m; path = ../Cell.m; sourceTree = "<group>"; };
		CEB80F7318769F920065B318 /* LineViewController.h */ = {isa = PBXFileReference; fileEncoding = 4; lastKnownFileType = sourcecode.c.h; name = LineViewController.h; path = ../LineViewController.h; sourceTree = "<group>"; };
		CEB80F7418769F920065B318 /* LineViewController.m */ = {isa = PBXFileReference; fileEncoding = 4; lastKnownFileType = sourcecode.c.objc; name = LineViewController.m; path = ../LineViewController.m; sourceTree = "<group>"; };
/* End PBXFileReference section */

/* Begin PBXFrameworksBuildPhase section */
		CEB80F08187568C50065B318 /* Frameworks */ = {
			isa = PBXFrameworksBuildPhase;
			buildActionMask = 2147483647;
			files = (
				CEB80F11187568C50065B318 /* CoreGraphics.framework in Frameworks */,
				CEB80F13187568C50065B318 /* UIKit.framework in Frameworks */,
				CEB80F0F187568C50065B318 /* Foundation.framework in Frameworks */,
			);
			runOnlyForDeploymentPostprocessing = 0;
		};
		CEB80F29187568C50065B318 /* Frameworks */ = {
			isa = PBXFrameworksBuildPhase;
			buildActionMask = 2147483647;
			files = (
				CEB80F30187568C50065B318 /* UIKit.framework in Frameworks */,
				CEB80F2F187568C50065B318 /* Foundation.framework in Frameworks */,
			);
			runOnlyForDeploymentPostprocessing = 0;
		};
/* End PBXFrameworksBuildPhase section */

/* Begin PBXGroup section */
		CEB80F02187568C50065B318 = {
			isa = PBXGroup;
			children = (
				CEB80F14187568C50065B318 /* DragDropQueueDemo */,
				CEB80F0D187568C50065B318 /* Frameworks */,
				CEB80F0C187568C50065B318 /* Products */,
			);
			sourceTree = "<group>";
		};
		CEB80F0C187568C50065B318 /* Products */ = {
			isa = PBXGroup;
			children = (
				CEB80F0B187568C50065B318 /* DragDropQueueDemo.app */,
				CEB80F2C187568C50065B318 /* DragDropQueueDemoTests.xctest */,
			);
			name = Products;
			sourceTree = "<group>";
		};
		CEB80F0D187568C50065B318 /* Frameworks */ = {
			isa = PBXGroup;
			children = (
				CEB80F0E187568C50065B318 /* Foundation.framework */,
				CEB80F10187568C50065B318 /* CoreGraphics.framework */,
				CEB80F12187568C50065B318 /* UIKit.framework */,
			);
			name = Frameworks;
			sourceTree = "<group>";
		};
		CEB80F14187568C50065B318 /* DragDropQueueDemo */ = {
			isa = PBXGroup;
			children = (
				CEB80F431876938A0065B318 /* PSTCollectionView */,
				CEB80F761876A08A0065B318 /* Line */,
				CEB80F1D187568C50065B318 /* AppDelegate.h */,
				CEB80F1E187568C50065B318 /* AppDelegate.m */,
				CEB80F20187568C50065B318 /* Main.storyboard */,
				CEB80F23187568C50065B318 /* ViewController.h */,
				CEB80F24187568C50065B318 /* ViewController.m */,
				CEB80F26187568C50065B318 /* Images.xcassets */,
				CEB80F15187568C50065B318 /* Supporting Files */,
			);
			path = DragDropQueueDemo;
			sourceTree = "<group>";
		};
		CEB80F15187568C50065B318 /* Supporting Files */ = {
			isa = PBXGroup;
			children = (
				CEB80F16187568C50065B318 /* DragDropQueueDemo-Info.plist */,
				CEB80F17187568C50065B318 /* InfoPlist.strings */,
				CEB80F1A187568C50065B318 /* main.m */,
				CEB80F1C187568C50065B318 /* DragDropQueueDemo-Prefix.pch */,
			);
			name = "Supporting Files";
			sourceTree = "<group>";
		};
		CEB80F431876938A0065B318 /* PSTCollectionView */ = {
			isa = PBXGroup;
			children = (
				CEB80F441876938A0065B318 /* NSIndexPath+PSTCollectionViewAdditions.h */,
				CEB80F451876938A0065B318 /* NSIndexPath+PSTCollectionViewAdditions.m */,
				CEB80F461876938A0065B318 /* PSTCollectionView.h */,
				CEB80F471876938A0065B318 /* PSTCollectionView.m */,
				CEB80F481876938A0065B318 /* PSTCollectionViewCell.h */,
				CEB80F491876938A0065B318 /* PSTCollectionViewCell.m */,
				CEB80F4A1876938A0065B318 /* PSTCollectionViewCommon.h */,
				CEB80F4B1876938A0065B318 /* PSTCollectionViewController.h */,
				CEB80F4C1876938A0065B318 /* PSTCollectionViewController.m */,
				CEB80F4D1876938A0065B318 /* PSTCollectionViewData.h */,
				CEB80F4E1876938A0065B318 /* PSTCollectionViewData.m */,
				CEB80F4F1876938A0065B318 /* PSTCollectionViewFlowLayout.h */,
				CEB80F501876938A0065B318 /* PSTCollectionViewFlowLayout.m */,
				CEB80F511876938A0065B318 /* PSTCollectionViewItemKey.h */,
				CEB80F521876938A0065B318 /* PSTCollectionViewItemKey.m */,
				CEB80F531876938A0065B318 /* PSTCollectionViewLayout+Internals.h */,
				CEB80F541876938A0065B318 /* PSTCollectionViewLayout.h */,
				CEB80F551876938A0065B318 /* PSTCollectionViewLayout.m */,
				CEB80F561876938A0065B318 /* PSTCollectionViewUpdateItem.h */,
				CEB80F571876938A0065B318 /* PSTCollectionViewUpdateItem.m */,
				CEB80F581876938A0065B318 /* PSTGridLayoutInfo.h */,
				CEB80F591876938A0065B318 /* PSTGridLayoutInfo.m */,
				CEB80F5A1876938A0065B318 /* PSTGridLayoutItem.h */,
				CEB80F5B1876938A0065B318 /* PSTGridLayoutItem.m */,
				CEB80F5C1876938A0065B318 /* PSTGridLayoutRow.h */,
				CEB80F5D1876938A0065B318 /* PSTGridLayoutRow.m */,
				CEB80F5E1876938A0065B318 /* PSTGridLayoutSection.h */,
				CEB80F5F1876938A0065B318 /* PSTGridLayoutSection.m */,
			);
			path = PSTCollectionView;
			sourceTree = "<group>";
		};
		CEB80F761876A08A0065B318 /* Line */ = {
			isa = PBXGroup;
			children = (
				CEB80F7318769F920065B318 /* LineViewController.h */,
				CEB80F7418769F920065B318 /* LineViewController.m */,
				CEB80F6D187693A80065B318 /* LineLayout.h */,
				CEB80F6E187693A80065B318 /* LineLayout.m */,
				CEB80F6F187693A80065B318 /* Cell.h */,
				CEB80F70187693A80065B318 /* Cell.m */,
			);
			name = Line;
			path = PSTCollectionView;
			sourceTree = "<group>";
		};
/* End PBXGroup section */

/* Begin PBXNativeTarget section */
		CEB80F0A187568C50065B318 /* DragDropQueueDemo */ = {
			isa = PBXNativeTarget;
			buildConfigurationList = CEB80F3D187568C50065B318 /* Build configuration list for PBXNativeTarget "DragDropQueueDemo" */;
			buildPhases = (
				CEB80F07187568C50065B318 /* Sources */,
				CEB80F08187568C50065B318 /* Frameworks */,
				CEB80F09187568C50065B318 /* Resources */,
			);
			buildRules = (
			);
			dependencies = (
			);
			name = DragDropQueueDemo;
			productName = DragDropQueueDemo;
			productReference = CEB80F0B187568C50065B318 /* DragDropQueueDemo.app */;
			productType = "com.apple.product-type.application";
		};
		CEB80F2B187568C50065B318 /* DragDropQueueDemoTests */ = {
			isa = PBXNativeTarget;
			buildConfigurationList = CEB80F40187568C50065B318 /* Build configuration list for PBXNativeTarget "DragDropQueueDemoTests" */;
			buildPhases = (
				CEB80F28187568C50065B318 /* Sources */,
				CEB80F29187568C50065B318 /* Frameworks */,
				CEB80F2A187568C50065B318 /* Resources */,
			);
			buildRules = (
			);
			dependencies = (
				CEB80F32187568C50065B318 /* PBXTargetDependency */,
			);
			name = DragDropQueueDemoTests;
			productName = DragDropQueueDemoTests;
			productReference = CEB80F2C187568C50065B318 /* DragDropQueueDemoTests.xctest */;
			productType = "com.apple.product-type.bundle.unit-test";
		};
/* End PBXNativeTarget section */

/* Begin PBXProject section */
		CEB80F03187568C50065B318 /* Project object */ = {
			isa = PBXProject;
			attributes = {
				LastUpgradeCheck = 0500;
				ORGANIZATIONNAME = salmonapps;
				TargetAttributes = {
					CEB80F2B187568C50065B318 = {
						TestTargetID = CEB80F0A187568C50065B318;
					};
				};
			};
			buildConfigurationList = CEB80F06187568C50065B318 /* Build configuration list for PBXProject "DragDropQueueDemo" */;
			compatibilityVersion = "Xcode 3.2";
			developmentRegion = English;
			hasScannedForEncodings = 0;
			knownRegions = (
				en,
				Base,
			);
			mainGroup = CEB80F02187568C50065B318;
			productRefGroup = CEB80F0C187568C50065B318 /* Products */;
			projectDirPath = "";
			projectRoot = "";
			targets = (
				CEB80F0A187568C50065B318 /* DragDropQueueDemo */,
				CEB80F2B187568C50065B318 /* DragDropQueueDemoTests */,
			);
		};
/* End PBXProject section */

/* Begin PBXResourcesBuildPhase section */
		CEB80F09187568C50065B318 /* Resources */ = {
			isa = PBXResourcesBuildPhase;
			buildActionMask = 2147483647;
			files = (
				CEB80F27187568C50065B318 /* Images.xcassets in Resources */,
				CEB80F19187568C50065B318 /* InfoPlist.strings in Resources */,
				CEB80F22187568C50065B318 /* Main.storyboard in Resources */,
			);
			runOnlyForDeploymentPostprocessing = 0;
		};
		CEB80F2A187568C50065B318 /* Resources */ = {
			isa = PBXResourcesBuildPhase;
			buildActionMask = 2147483647;
			files = (
			);
			runOnlyForDeploymentPostprocessing = 0;
		};
/* End PBXResourcesBuildPhase section */

/* Begin PBXSourcesBuildPhase section */
		CEB80F07187568C50065B318 /* Sources */ = {
			isa = PBXSourcesBuildPhase;
			buildActionMask = 2147483647;
			files = (
				CEB80F6A1876938A0065B318 /* PSTGridLayoutItem.m in Sources */,
				CEB80F6C1876938A0065B318 /* PSTGridLayoutSection.m in Sources */,
				CEB80F681876938A0065B318 /* PSTCollectionViewUpdateItem.m in Sources */,
				CEB80F621876938A0065B318 /* PSTCollectionViewCell.m in Sources */,
				CEB80F25187568C50065B318 /* ViewController.m in Sources */,
				CEB80F7518769F920065B318 /* LineViewController.m in Sources */,
				CEB80F6B1876938A0065B318 /* PSTGridLayoutRow.m in Sources */,
				CEB80F641876938A0065B318 /* PSTCollectionViewData.m in Sources */,
				CEB80F611876938A0065B318 /* PSTCollectionView.m in Sources */,
				CEB80F601876938A0065B318 /* NSIndexPath+PSTCollectionViewAdditions.m in Sources */,
				CEB80F661876938A0065B318 /* PSTCollectionViewItemKey.m in Sources */,
				CEB80F1F187568C50065B318 /* AppDelegate.m in Sources */,
				CEB80F671876938A0065B318 /* PSTCollectionViewLayout.m in Sources */,
				CEB80F691876938A0065B318 /* PSTGridLayoutInfo.m in Sources */,
				CEB80F71187693A80065B318 /* LineLayout.m in Sources */,
				CEB80F631876938A0065B318 /* PSTCollectionViewController.m in Sources */,
				CEB80F1B187568C50065B318 /* main.m in Sources */,
				CEB80F651876938A0065B318 /* PSTCollectionViewFlowLayout.m in Sources */,
				CEB80F72187693A80065B318 /* Cell.m in Sources */,
			);
			runOnlyForDeploymentPostprocessing = 0;
		};
		CEB80F28187568C50065B318 /* Sources */ = {
			isa = PBXSourcesBuildPhase;
			buildActionMask = 2147483647;
			files = (
			);
			runOnlyForDeploymentPostprocessing = 0;
		};
/* End PBXSourcesBuildPhase section */

/* Begin PBXTargetDependency section */
		CEB80F32187568C50065B318 /* PBXTargetDependency */ = {
			isa = PBXTargetDependency;
			target = CEB80F0A187568C50065B318 /* DragDropQueueDemo */;
			targetProxy = CEB80F31187568C50065B318 /* PBXContainerItemProxy */;
		};
/* End PBXTargetDependency section */

/* Begin PBXVariantGroup section */
		CEB80F17187568C50065B318 /* InfoPlist.strings */ = {
			isa = PBXVariantGroup;
			children = (
				CEB80F18187568C50065B318 /* en */,
			);
			name = InfoPlist.strings;
			sourceTree = "<group>";
		};
		CEB80F20187568C50065B318 /* Main.storyboard */ = {
			isa = PBXVariantGroup;
			children = (
				CEB80F21187568C50065B318 /* Base */,
			);
			name = Main.storyboard;
			sourceTree = "<group>";
		};
/* End PBXVariantGroup section */

/* Begin XCBuildConfiguration section */
		CEB80F3B187568C50065B318 /* Debug */ = {
			isa = XCBuildConfiguration;
			buildSettings = {
				ALWAYS_SEARCH_USER_PATHS = NO;
				ARCHS = "$(ARCHS_STANDARD_INCLUDING_64_BIT)";
				CLANG_CXX_LANGUAGE_STANDARD = "gnu++0x";
				CLANG_CXX_LIBRARY = "libc++";
				CLANG_ENABLE_MODULES = YES;
				CLANG_ENABLE_OBJC_ARC = YES;
				CLANG_WARN_BOOL_CONVERSION = YES;
				CLANG_WARN_CONSTANT_CONVERSION = YES;
				CLANG_WARN_DIRECT_OBJC_ISA_USAGE = YES_ERROR;
				CLANG_WARN_EMPTY_BODY = YES;
				CLANG_WARN_ENUM_CONVERSION = YES;
				CLANG_WARN_INT_CONVERSION = YES;
				CLANG_WARN_OBJC_ROOT_CLASS = YES_ERROR;
				CLANG_WARN__DUPLICATE_METHOD_MATCH = YES;
				"CODE_SIGN_IDENTITY[sdk=iphoneos*]" = "iPhone Developer";
				COPY_PHASE_STRIP = NO;
				GCC_C_LANGUAGE_STANDARD = gnu99;
				GCC_DYNAMIC_NO_PIC = NO;
				GCC_OPTIMIZATION_LEVEL = 0;
				GCC_PREPROCESSOR_DEFINITIONS = (
					"DEBUG=1",
					"$(inherited)",
				);
				GCC_SYMBOLS_PRIVATE_EXTERN = NO;
				GCC_WARN_64_TO_32_BIT_CONVERSION = YES;
				GCC_WARN_ABOUT_RETURN_TYPE = YES_ERROR;
				GCC_WARN_UNDECLARED_SELECTOR = YES;
				GCC_WARN_UNINITIALIZED_AUTOS = YES;
				GCC_WARN_UNUSED_FUNCTION = YES;
				GCC_WARN_UNUSED_VARIABLE = YES;
				IPHONEOS_DEPLOYMENT_TARGET = 7.0;
				ONLY_ACTIVE_ARCH = YES;
				SDKROOT = iphoneos;
				TARGETED_DEVICE_FAMILY = 2;
			};
			name = Debug;
		};
		CEB80F3C187568C50065B318 /* Release */ = {
			isa = XCBuildConfiguration;
			buildSettings = {
				ALWAYS_SEARCH_USER_PATHS = NO;
				ARCHS = "$(ARCHS_STANDARD_INCLUDING_64_BIT)";
				CLANG_CXX_LANGUAGE_STANDARD = "gnu++0x";
				CLANG_CXX_LIBRARY = "libc++";
				CLANG_ENABLE_MODULES = YES;
				CLANG_ENABLE_OBJC_ARC = YES;
				CLANG_WARN_BOOL_CONVERSION = YES;
				CLANG_WARN_CONSTANT_CONVERSION = YES;
				CLANG_WARN_DIRECT_OBJC_ISA_USAGE = YES_ERROR;
				CLANG_WARN_EMPTY_BODY = YES;
				CLANG_WARN_ENUM_CONVERSION = YES;
				CLANG_WARN_INT_CONVERSION = YES;
				CLANG_WARN_OBJC_ROOT_CLASS = YES_ERROR;
				CLANG_WARN__DUPLICATE_METHOD_MATCH = YES;
				"CODE_SIGN_IDENTITY[sdk=iphoneos*]" = "iPhone Developer";
				COPY_PHASE_STRIP = YES;
				ENABLE_NS_ASSERTIONS = NO;
				GCC_C_LANGUAGE_STANDARD = gnu99;
				GCC_WARN_64_TO_32_BIT_CONVERSION = YES;
				GCC_WARN_ABOUT_RETURN_TYPE = YES_ERROR;
				GCC_WARN_UNDECLARED_SELECTOR = YES;
				GCC_WARN_UNINITIALIZED_AUTOS = YES;
				GCC_WARN_UNUSED_FUNCTION = YES;
				GCC_WARN_UNUSED_VARIABLE = YES;
				IPHONEOS_DEPLOYMENT_TARGET = 7.0;
				SDKROOT = iphoneos;
				TARGETED_DEVICE_FAMILY = 2;
				VALIDATE_PRODUCT = YES;
			};
			name = Release;
		};
		CEB80F3E187568C50065B318 /* Debug */ = {
			isa = XCBuildConfiguration;
			buildSettings = {
				ASSETCATALOG_COMPILER_APPICON_NAME = AppIcon;
				ASSETCATALOG_COMPILER_LAUNCHIMAGE_NAME = LaunchImage;
				GCC_PRECOMPILE_PREFIX_HEADER = YES;
				GCC_PREFIX_HEADER = "DragDropQueueDemo/DragDropQueueDemo-Prefix.pch";
				INFOPLIST_FILE = "DragDropQueueDemo/DragDropQueueDemo-Info.plist";
				PRODUCT_NAME = "$(TARGET_NAME)";
				WRAPPER_EXTENSION = app;
			};
			name = Debug;
		};
		CEB80F3F187568C50065B318 /* Release */ = {
			isa = XCBuildConfiguration;
			buildSettings = {
				ASSETCATALOG_COMPILER_APPICON_NAME = AppIcon;
				ASSETCATALOG_COMPILER_LAUNCHIMAGE_NAME = LaunchImage;
				GCC_PRECOMPILE_PREFIX_HEADER = YES;
				GCC_PREFIX_HEADER = "DragDropQueueDemo/DragDropQueueDemo-Prefix.pch";
				INFOPLIST_FILE = "DragDropQueueDemo/DragDropQueueDemo-Info.plist";
				PRODUCT_NAME = "$(TARGET_NAME)";
				WRAPPER_EXTENSION = app;
			};
			name = Release;
		};
		CEB80F41187568C50065B318 /* Debug */ = {
			isa = XCBuildConfiguration;
			buildSettings = {
				ARCHS = "$(ARCHS_STANDARD_INCLUDING_64_BIT)";
				BUNDLE_LOADER = "$(BUILT_PRODUCTS_DIR)/DragDropQueueDemo.app/DragDropQueueDemo";
				FRAMEWORK_SEARCH_PATHS = (
					"$(SDKROOT)/Developer/Library/Frameworks",
					"$(inherited)",
					"$(DEVELOPER_FRAMEWORKS_DIR)",
				);
				GCC_PRECOMPILE_PREFIX_HEADER = YES;
				GCC_PREFIX_HEADER = "DragDropQueueDemo/DragDropQueueDemo-Prefix.pch";
				GCC_PREPROCESSOR_DEFINITIONS = (
					"DEBUG=1",
					"$(inherited)",
				);
				INFOPLIST_FILE = "DragDropQueueDemoTests/DragDropQueueDemoTests-Info.plist";
				PRODUCT_NAME = "$(TARGET_NAME)";
				TEST_HOST = "$(BUNDLE_LOADER)";
				WRAPPER_EXTENSION = xctest;
			};
			name = Debug;
		};
		CEB80F42187568C50065B318 /* Release */ = {
			isa = XCBuildConfiguration;
			buildSettings = {
				ARCHS = "$(ARCHS_STANDARD_INCLUDING_64_BIT)";
				BUNDLE_LOADER = "$(BUILT_PRODUCTS_DIR)/DragDropQueueDemo.app/DragDropQueueDemo";
				FRAMEWORK_SEARCH_PATHS = (
					"$(SDKROOT)/Developer/Library/Frameworks",
					"$(inherited)",
					"$(DEVELOPER_FRAMEWORKS_DIR)",
				);
				GCC_PRECOMPILE_PREFIX_HEADER = YES;
				GCC_PREFIX_HEADER = "DragDropQueueDemo/DragDropQueueDemo-Prefix.pch";
				INFOPLIST_FILE = "DragDropQueueDemoTests/DragDropQueueDemoTests-Info.plist";
				PRODUCT_NAME = "$(TARGET_NAME)";
				TEST_HOST = "$(BUNDLE_LOADER)";
				WRAPPER_EXTENSION = xctest;
			};
			name = Release;
		};
/* End XCBuildConfiguration section */

/* Begin XCConfigurationList section */
		CEB80F06187568C50065B318 /* Build configuration list for PBXProject "DragDropQueueDemo" */ = {
			isa = XCConfigurationList;
			buildConfigurations = (
				CEB80F3B187568C50065B318 /* Debug */,
				CEB80F3C187568C50065B318 /* Release */,
			);
			defaultConfigurationIsVisible = 0;
			defaultConfigurationName = Release;
		};
		CEB80F3D187568C50065B318 /* Build configuration list for PBXNativeTarget "DragDropQueueDemo" */ = {
			isa = XCConfigurationList;
			buildConfigurations = (
				CEB80F3E187568C50065B318 /* Debug */,
				CEB80F3F187568C50065B318 /* Release */,
			);
			defaultConfigurationIsVisible = 0;
		};
		CEB80F40187568C50065B318 /* Build configuration list for PBXNativeTarget "DragDropQueueDemoTests" */ = {
			isa = XCConfigurationList;
			buildConfigurations = (
				CEB80F41187568C50065B318 /* Debug */,
				CEB80F42187568C50065B318 /* Release */,
			);
			defaultConfigurationIsVisible = 0;
		};
/* End XCConfigurationList section */
	};
	rootObject = CEB80F03187568C50065B318 /* Project object */;
}
